
Microsoft Visual Studio Solution File, Format Version 12.00
# Visual Studio Version 17
VisualStudioVersion = 17.7.34024.191
MinimumVisualStudioVersion = 10.0.40219.1
Project("{FAE04EC0-301F-11D3-BF4B-00C04F79EFBC}") = "HololensTestImageSender", "HololensTestImageSender\HololensTestImageSender.csproj", "{996C6F8A-EB4F-40A4-B8C1-CA30412CF636}"
EndProject
Global
	GlobalSection(SolutionConfigurationPlatforms) = preSolution
		Debug|Any CPU = Debug|Any CPU
		Release|Any CPU = Release|Any CPU
	EndGlobalSection
	GlobalSection(ProjectConfigurationPlatforms) = postSolution
		{996C6F8A-EB4F-40A4-B8C1-CA30412CF636}.Debug|Any CPU.ActiveCfg = Debug|Any CPU
		{996C6F8A-EB4F-40A4-B8C1-CA30412CF636}.Debug|Any CPU.Build.0 = Debug|Any CPU
		{996C6F8A-EB4F-40A4-B8C1-CA30412CF636}.Release|Any CPU.ActiveCfg = Release|Any CPU
		{996C6F8A-EB4F-40A4-B8C1-CA30412CF636}.Release|Any CPU.Build.0 = Release|Any CPU
	EndGlobalSection
	GlobalSection(SolutionProperties) = preSolution
		HideSolutionNode = FALSE
	EndGlobalSection
	GlobalSection(ExtensibilityGlobals) = postSolution
		SolutionGuid = {36BD3F31-5640-422E-8D5D-C0A7758B6D1B}
	EndGlobalSection
EndGlobal
