
Microsoft Visual Studio Solution File, Format Version 12.00
# Visual Studio Version 16
VisualStudioVersion = 16.0.33801.447
MinimumVisualStudioVersion = 10.0.40219.1
Project("{FAE04EC0-301F-11D3-BF4B-00C04F79EFBC}") = "HololensTestImageSender19", "HololensTestImageSender19\HololensTestImageSender19.csproj", "{51F57E42-236E-4975-8A72-5A88795E45F2}"
EndProject
Global
	GlobalSection(SolutionConfigurationPlatforms) = preSolution
		Debug|Any CPU = Debug|Any CPU
		Release|Any CPU = Release|Any CPU
	EndGlobalSection
	GlobalSection(ProjectConfigurationPlatforms) = postSolution
		{51F57E42-236E-4975-8A72-5A88795E45F2}.Debug|Any CPU.ActiveCfg = Debug|Any CPU
		{51F57E42-236E-4975-8A72-5A88795E45F2}.Debug|Any CPU.Build.0 = Debug|Any CPU
		{51F57E42-236E-4975-8A72-5A88795E45F2}.Release|Any CPU.ActiveCfg = Release|Any CPU
		{51F57E42-236E-4975-8A72-5A88795E45F2}.Release|Any CPU.Build.0 = Release|Any CPU
	EndGlobalSection
	GlobalSection(SolutionProperties) = preSolution
		HideSolutionNode = FALSE
	EndGlobalSection
	GlobalSection(ExtensibilityGlobals) = postSolution
		SolutionGuid = {D7B519F3-EE86-4AAF-BB43-153EF8728A44}
	EndGlobalSection
EndGlobal
